
Microsoft Visual Studio Solution File, Format Version 12.00
# Visual Studio Version 17
VisualStudioVersion = 17.6.33815.320
MinimumVisualStudioVersion = 10.0.40219.1
Project("{FAE04EC0-301F-11D3-BF4B-00C04F79EFBC}") = "WpfApp2_Dapper", "WpfApp2_Dapper\WpfApp2_Dapper.csproj", "{F3AE4E70-9BC3-40EA-8CD7-94EB58665847}"
EndProject
Global
	GlobalSection(SolutionConfigurationPlatforms) = preSolution
		Debug|Any CPU = Debug|Any CPU
		Release|Any CPU = Release|Any CPU
	EndGlobalSection
	GlobalSection(ProjectConfigurationPlatforms) = postSolution
		{F3AE4E70-9BC3-40EA-8CD7-94EB58665847}.Debug|Any CPU.ActiveCfg = Debug|Any CPU
		{F3AE4E70-9BC3-40EA-8CD7-94EB58665847}.Debug|Any CPU.Build.0 = Debug|Any CPU
		{F3AE4E70-9BC3-40EA-8CD7-94EB58665847}.Release|Any CPU.ActiveCfg = Release|Any CPU
		{F3AE4E70-9BC3-40EA-8CD7-94EB58665847}.Release|Any CPU.Build.0 = Release|Any CPU
	EndGlobalSection
	GlobalSection(SolutionProperties) = preSolution
		HideSolutionNode = FALSE
	EndGlobalSection
	GlobalSection(ExtensibilityGlobals) = postSolution
		SolutionGuid = {2FE92671-92D0-4FEC-A90E-C5CE4576CCE7}
	EndGlobalSection
EndGlobal
